
Microsoft Visual Studio Solution File, Format Version 12.00
# Visual Studio Version 17
VisualStudioVersion = 17.0.31903.59
MinimumVisualStudioVersion = 10.0.40219.1
Project("{2150E333-8FDC-42A3-9474-1A3956D46DE8}") = "src", "src", "{21267970-8AE5-49E4-B100-6B43F69DB5A0}"
EndProject
Project("{2150E333-8FDC-42A3-9474-1A3956D46DE8}") = "tests", "tests", "{0788655C-213C-4547-A557-2D394E8F19C0}"
EndProject
Project("{9A19103F-16F7-4668-BE54-9A1E7A4F7556}") = "FamilyHubs.Referral.Api", "src\FamilyHubs.Referral.Api\FamilyHubs.Referral.Api.csproj", "{1F9CF243-B81E-4683-A744-E61D69030A77}"
EndProject
Project("{9A19103F-16F7-4668-BE54-9A1E7A4F7556}") = "FamilyHubs.Referral.Core", "src\FamilyHubs.Referral.Core\FamilyHubs.Referral.Core.csproj", "{2BD94AB3-E375-4FE6-98F2-7D0F68FDE30C}"
EndProject
Project("{9A19103F-16F7-4668-BE54-9A1E7A4F7556}") = "FamilyHubs.Referral.Data", "src\FamilyHubs.Referral.Data\FamilyHubs.Referral.Data.csproj", "{F3DCBF86-C0A0-4CC0-A23A-B21ACA4D45C2}"
EndProject
Project("{9A19103F-16F7-4668-BE54-9A1E7A4F7556}") = "FamilyHubs.Referral.FunctionalTests", "tests\FamilyHubs.ReferralApi.FunctionalTests\FamilyHubs.Referral.FunctionalTests.csproj", "{9CC97A7B-B54C-4A2D-9627-B34BFB881DB7}"
EndProject
Project("{9A19103F-16F7-4668-BE54-9A1E7A4F7556}") = "FamilyHubs.Referral.Integration.Tests", "tests\FamilyHubs.ReferralApi.Integration.Tests\FamilyHubs.Referral.Integration.Tests.csproj", "{01653DA3-58CC-4B80-8CB3-39C13A7C8B64}"
EndProject
Project("{9A19103F-16F7-4668-BE54-9A1E7A4F7556}") = "FamilyHubs.Referral.UnitTests", "tests\FamilyHubs.ReferralApi.UnitTests\FamilyHubs.Referral.UnitTests.csproj", "{3D5EA105-2126-4CFB-8100-268E8404AAE1}"
EndProject
Project("{2150E333-8FDC-42A3-9474-1A3956D46DE8}") = "Solution Items", "Solution Items", "{B2847081-94CA-454D-AE4F-EA73E44D1D09}"
	ProjectSection(SolutionItems) = preProject
		.gitignore = .gitignore
		README.md = README.md
	EndProjectSection
EndProject
Global
	GlobalSection(SolutionConfigurationPlatforms) = preSolution
		Debug|Any CPU = Debug|Any CPU
		Release|Any CPU = Release|Any CPU
	EndGlobalSection
	GlobalSection(ProjectConfigurationPlatforms) = postSolution
		{1F9CF243-B81E-4683-A744-E61D69030A77}.Debug|Any CPU.ActiveCfg = Debug|Any CPU
		{1F9CF243-B81E-4683-A744-E61D69030A77}.Debug|Any CPU.Build.0 = Debug|Any CPU
		{1F9CF243-B81E-4683-A744-E61D69030A77}.Release|Any CPU.ActiveCfg = Release|Any CPU
		{1F9CF243-B81E-4683-A744-E61D69030A77}.Release|Any CPU.Build.0 = Release|Any CPU
		{2BD94AB3-E375-4FE6-98F2-7D0F68FDE30C}.Debug|Any CPU.ActiveCfg = Debug|Any CPU
		{2BD94AB3-E375-4FE6-98F2-7D0F68FDE30C}.Debug|Any CPU.Build.0 = Debug|Any CPU
		{2BD94AB3-E375-4FE6-98F2-7D0F68FDE30C}.Release|Any CPU.ActiveCfg = Release|Any CPU
		{2BD94AB3-E375-4FE6-98F2-7D0F68FDE30C}.Release|Any CPU.Build.0 = Release|Any CPU
		{F3DCBF86-C0A0-4CC0-A23A-B21ACA4D45C2}.Debug|Any CPU.ActiveCfg = Debug|Any CPU
		{F3DCBF86-C0A0-4CC0-A23A-B21ACA4D45C2}.Debug|Any CPU.Build.0 = Debug|Any CPU
		{F3DCBF86-C0A0-4CC0-A23A-B21ACA4D45C2}.Release|Any CPU.ActiveCfg = Release|Any CPU
		{F3DCBF86-C0A0-4CC0-A23A-B21ACA4D45C2}.Release|Any CPU.Build.0 = Release|Any CPU
		{9CC97A7B-B54C-4A2D-9627-B34BFB881DB7}.Debug|Any CPU.ActiveCfg = Debug|Any CPU
		{9CC97A7B-B54C-4A2D-9627-B34BFB881DB7}.Debug|Any CPU.Build.0 = Debug|Any CPU
		{9CC97A7B-B54C-4A2D-9627-B34BFB881DB7}.Release|Any CPU.ActiveCfg = Release|Any CPU
		{9CC97A7B-B54C-4A2D-9627-B34BFB881DB7}.Release|Any CPU.Build.0 = Release|Any CPU
		{01653DA3-58CC-4B80-8CB3-39C13A7C8B64}.Debug|Any CPU.ActiveCfg = Debug|Any CPU
		{01653DA3-58CC-4B80-8CB3-39C13A7C8B64}.Debug|Any CPU.Build.0 = Debug|Any CPU
		{01653DA3-58CC-4B80-8CB3-39C13A7C8B64}.Release|Any CPU.ActiveCfg = Release|Any CPU
		{01653DA3-58CC-4B80-8CB3-39C13A7C8B64}.Release|Any CPU.Build.0 = Release|Any CPU
		{3D5EA105-2126-4CFB-8100-268E8404AAE1}.Debug|Any CPU.ActiveCfg = Debug|Any CPU
		{3D5EA105-2126-4CFB-8100-268E8404AAE1}.Debug|Any CPU.Build.0 = Debug|Any CPU
		{3D5EA105-2126-4CFB-8100-268E8404AAE1}.Release|Any CPU.ActiveCfg = Release|Any CPU
		{3D5EA105-2126-4CFB-8100-268E8404AAE1}.Release|Any CPU.Build.0 = Release|Any CPU
	EndGlobalSection
	GlobalSection(SolutionProperties) = preSolution
		HideSolutionNode = FALSE
	EndGlobalSection
	GlobalSection(NestedProjects) = preSolution
		{1F9CF243-B81E-4683-A744-E61D69030A77} = {21267970-8AE5-49E4-B100-6B43F69DB5A0}
		{2BD94AB3-E375-4FE6-98F2-7D0F68FDE30C} = {21267970-8AE5-49E4-B100-6B43F69DB5A0}
		{F3DCBF86-C0A0-4CC0-A23A-B21ACA4D45C2} = {21267970-8AE5-49E4-B100-6B43F69DB5A0}
		{9CC97A7B-B54C-4A2D-9627-B34BFB881DB7} = {0788655C-213C-4547-A557-2D394E8F19C0}
		{01653DA3-58CC-4B80-8CB3-39C13A7C8B64} = {0788655C-213C-4547-A557-2D394E8F19C0}
		{3D5EA105-2126-4CFB-8100-268E8404AAE1} = {0788655C-213C-4547-A557-2D394E8F19C0}
	EndGlobalSection
	GlobalSection(ExtensibilityGlobals) = postSolution
		SolutionGuid = {ACB361F9-FDCF-422B-B802-49CB691A6BEA}
	EndGlobalSection
EndGlobal
